
Microsoft Visual Studio Solution File, Format Version 12.00
# Visual Studio Version 16
VisualStudioVersion = 16.0.28729.10
MinimumVisualStudioVersion = 15.0.26124.0
Project("{FAE04EC0-301F-11D3-BF4B-00C04F79EFBC}") = "Sepid.Console", "Sepid.Proxy\Sepid.Console\Sepid.Console.csproj", "{736D675F-2B05-426D-89AF-2607DE11C185}"
EndProject
Global
	GlobalSection(SolutionConfigurationPlatforms) = preSolution
		Debug|Any CPU = Debug|Any CPU
		Release|Any CPU = Release|Any CPU
	EndGlobalSection
	GlobalSection(ProjectConfigurationPlatforms) = postSolution
		{736D675F-2B05-426D-89AF-2607DE11C185}.Debug|Any CPU.ActiveCfg = Debug|Any CPU
		{736D675F-2B05-426D-89AF-2607DE11C185}.Debug|Any CPU.Build.0 = Debug|Any CPU
		{736D675F-2B05-426D-89AF-2607DE11C185}.Release|Any CPU.ActiveCfg = Release|Any CPU
		{736D675F-2B05-426D-89AF-2607DE11C185}.Release|Any CPU.Build.0 = Release|Any CPU
	EndGlobalSection
	GlobalSection(SolutionProperties) = preSolution
		HideSolutionNode = FALSE
	EndGlobalSection
	GlobalSection(ExtensibilityGlobals) = postSolution
		SolutionGuid = {E4327182-A221-4717-84D6-BAD7369B1382}
	EndGlobalSection
EndGlobal
